
Microsoft Visual Studio Solution File, Format Version 12.00
# Visual Studio Version 16
VisualStudioVersion = 16.0.29411.108
MinimumVisualStudioVersion = 10.0.40219.1
Project("{FAE04EC0-301F-11D3-BF4B-00C04F79EFBC}") = "Ese07 Form_Editor", "Ese07 Form_Editor\Ese07 Form_Editor.csproj", "{FA80E648-1877-4AFC-882D-7A6B573EDC9F}"
EndProject
Global
	GlobalSection(SolutionConfigurationPlatforms) = preSolution
		Debug|Any CPU = Debug|Any CPU
		Release|Any CPU = Release|Any CPU
	EndGlobalSection
	GlobalSection(ProjectConfigurationPlatforms) = postSolution
		{FA80E648-1877-4AFC-882D-7A6B573EDC9F}.Debug|Any CPU.ActiveCfg = Debug|Any CPU
		{FA80E648-1877-4AFC-882D-7A6B573EDC9F}.Debug|Any CPU.Build.0 = Debug|Any CPU
		{FA80E648-1877-4AFC-882D-7A6B573EDC9F}.Release|Any CPU.ActiveCfg = Release|Any CPU
		{FA80E648-1877-4AFC-882D-7A6B573EDC9F}.Release|Any CPU.Build.0 = Release|Any CPU
	EndGlobalSection
	GlobalSection(SolutionProperties) = preSolution
		HideSolutionNode = FALSE
	EndGlobalSection
	GlobalSection(ExtensibilityGlobals) = postSolution
		SolutionGuid = {99B39C39-1545-4936-9D42-DE8CDB1D9668}
	EndGlobalSection
EndGlobal
