
Microsoft Visual Studio Solution File, Format Version 12.00
# Visual Studio Version 16
VisualStudioVersion = 16.0.29411.108
MinimumVisualStudioVersion = 10.0.40219.1
Project("{FAE04EC0-301F-11D3-BF4B-00C04F79EFBC}") = "Edit XML", "Edit XML\Edit XML.csproj", "{979BE530-0BC7-475A-A224-3823D4577190}"
EndProject
Global
	GlobalSection(SolutionConfigurationPlatforms) = preSolution
		Debug|Any CPU = Debug|Any CPU
		Release|Any CPU = Release|Any CPU
	EndGlobalSection
	GlobalSection(ProjectConfigurationPlatforms) = postSolution
		{979BE530-0BC7-475A-A224-3823D4577190}.Debug|Any CPU.ActiveCfg = Debug|Any CPU
		{979BE530-0BC7-475A-A224-3823D4577190}.Debug|Any CPU.Build.0 = Debug|Any CPU
		{979BE530-0BC7-475A-A224-3823D4577190}.Release|Any CPU.ActiveCfg = Release|Any CPU
		{979BE530-0BC7-475A-A224-3823D4577190}.Release|Any CPU.Build.0 = Release|Any CPU
	EndGlobalSection
	GlobalSection(SolutionProperties) = preSolution
		HideSolutionNode = FALSE
	EndGlobalSection
	GlobalSection(ExtensibilityGlobals) = postSolution
		SolutionGuid = {0C8E7956-41B5-436F-A7FE-BDE1332A7067}
	EndGlobalSection
EndGlobal
